
Microsoft Visual Studio Solution File, Format Version 12.00
# Visual Studio 15
VisualStudioVersion = 15.0.27130.2027
MinimumVisualStudioVersion = 10.0.40219.1
Project("{FAE04EC0-301F-11D3-BF4B-00C04F79EFBC}") = "RealmDBSample.iOS", "RealmDBSample.iOS\RealmDBSample.iOS.csproj", "{BFCB46D4-940D-46AC-BFEE-917D404E2BB2}"
EndProject
Project("{9A19103F-16F7-4668-BE54-9A1E7A4F7556}") = "RealmDBSample.Forms", "RealmDBSample.Forms\RealmDBSample.Forms.csproj", "{F7E4B921-6C7E-46AF-BC85-C5E0A6F2C30A}"
EndProject
Project("{9A19103F-16F7-4668-BE54-9A1E7A4F7556}") = "RealmDBSample.Core", "RealmDBSample.Core\RealmDBSample.Core.csproj", "{EAFEEEB0-A6CF-4E4A-8071-8F31CD768FFF}"
EndProject
Project("{9A19103F-16F7-4668-BE54-9A1E7A4F7556}") = "RealmDBSample.UI", "RealmDBSample.UI\RealmDBSample.UI.csproj", "{34DC112E-770B-4435-AB4B-1FABB61EAD3E}"
EndProject
Project("{FAE04EC0-301F-11D3-BF4B-00C04F79EFBC}") = "RealmDBSample.Droid", "RealmDBSample.Droid\RealmDBSample.Droid.csproj", "{6145B139-259B-4EED-8878-F6E70BBA7132}"
EndProject
Global
	GlobalSection(SolutionConfigurationPlatforms) = preSolution
		Ad-Hoc|Any CPU = Ad-Hoc|Any CPU
		Ad-Hoc|iPhone = Ad-Hoc|iPhone
		Ad-Hoc|iPhoneSimulator = Ad-Hoc|iPhoneSimulator
		AppStore|Any CPU = AppStore|Any CPU
		AppStore|iPhone = AppStore|iPhone
		AppStore|iPhoneSimulator = AppStore|iPhoneSimulator
		Debug|Any CPU = Debug|Any CPU
		Debug|iPhone = Debug|iPhone
		Debug|iPhoneSimulator = Debug|iPhoneSimulator
		Release|Any CPU = Release|Any CPU
		Release|iPhone = Release|iPhone
		Release|iPhoneSimulator = Release|iPhoneSimulator
	EndGlobalSection
	GlobalSection(ProjectConfigurationPlatforms) = postSolution
		{BFCB46D4-940D-46AC-BFEE-917D404E2BB2}.Ad-Hoc|Any CPU.ActiveCfg = Ad-Hoc|iPhone
		{BFCB46D4-940D-46AC-BFEE-917D404E2BB2}.Ad-Hoc|iPhone.ActiveCfg = Ad-Hoc|iPhone
		{BFCB46D4-940D-46AC-BFEE-917D404E2BB2}.Ad-Hoc|iPhone.Build.0 = Ad-Hoc|iPhone
		{BFCB46D4-940D-46AC-BFEE-917D404E2BB2}.Ad-Hoc|iPhoneSimulator.ActiveCfg = Ad-Hoc|iPhoneSimulator
		{BFCB46D4-940D-46AC-BFEE-917D404E2BB2}.Ad-Hoc|iPhoneSimulator.Build.0 = Ad-Hoc|iPhoneSimulator
		{BFCB46D4-940D-46AC-BFEE-917D404E2BB2}.AppStore|Any CPU.ActiveCfg = AppStore|iPhone
		{BFCB46D4-940D-46AC-BFEE-917D404E2BB2}.AppStore|iPhone.ActiveCfg = AppStore|iPhone
		{BFCB46D4-940D-46AC-BFEE-917D404E2BB2}.AppStore|iPhone.Build.0 = AppStore|iPhone
		{BFCB46D4-940D-46AC-BFEE-917D404E2BB2}.AppStore|iPhoneSimulator.ActiveCfg = AppStore|iPhoneSimulator
		{BFCB46D4-940D-46AC-BFEE-917D404E2BB2}.AppStore|iPhoneSimulator.Build.0 = AppStore|iPhoneSimulator
		{BFCB46D4-940D-46AC-BFEE-917D404E2BB2}.Debug|Any CPU.ActiveCfg = Debug|iPhone
		{BFCB46D4-940D-46AC-BFEE-917D404E2BB2}.Debug|iPhone.ActiveCfg = Debug|iPhone
		{BFCB46D4-940D-46AC-BFEE-917D404E2BB2}.Debug|iPhone.Build.0 = Debug|iPhone
		{BFCB46D4-940D-46AC-BFEE-917D404E2BB2}.Debug|iPhoneSimulator.ActiveCfg = Debug|iPhoneSimulator
		{BFCB46D4-940D-46AC-BFEE-917D404E2BB2}.Debug|iPhoneSimulator.Build.0 = Debug|iPhoneSimulator
		{BFCB46D4-940D-46AC-BFEE-917D404E2BB2}.Release|Any CPU.ActiveCfg = Release|iPhone
		{BFCB46D4-940D-46AC-BFEE-917D404E2BB2}.Release|iPhone.ActiveCfg = Release|iPhone
		{BFCB46D4-940D-46AC-BFEE-917D404E2BB2}.Release|iPhone.Build.0 = Release|iPhone
		{BFCB46D4-940D-46AC-BFEE-917D404E2BB2}.Release|iPhoneSimulator.ActiveCfg = Release|iPhoneSimulator
		{BFCB46D4-940D-46AC-BFEE-917D404E2BB2}.Release|iPhoneSimulator.Build.0 = Release|iPhoneSimulator
		{F7E4B921-6C7E-46AF-BC85-C5E0A6F2C30A}.Ad-Hoc|Any CPU.ActiveCfg = Debug|Any CPU
		{F7E4B921-6C7E-46AF-BC85-C5E0A6F2C30A}.Ad-Hoc|Any CPU.Build.0 = Debug|Any CPU
		{F7E4B921-6C7E-46AF-BC85-C5E0A6F2C30A}.Ad-Hoc|iPhone.ActiveCfg = Debug|Any CPU
		{F7E4B921-6C7E-46AF-BC85-C5E0A6F2C30A}.Ad-Hoc|iPhone.Build.0 = Debug|Any CPU
		{F7E4B921-6C7E-46AF-BC85-C5E0A6F2C30A}.Ad-Hoc|iPhoneSimulator.ActiveCfg = Debug|Any CPU
		{F7E4B921-6C7E-46AF-BC85-C5E0A6F2C30A}.Ad-Hoc|iPhoneSimulator.Build.0 = Debug|Any CPU
		{F7E4B921-6C7E-46AF-BC85-C5E0A6F2C30A}.AppStore|Any CPU.ActiveCfg = Debug|Any CPU
		{F7E4B921-6C7E-46AF-BC85-C5E0A6F2C30A}.AppStore|Any CPU.Build.0 = Debug|Any CPU
		{F7E4B921-6C7E-46AF-BC85-C5E0A6F2C30A}.AppStore|iPhone.ActiveCfg = Debug|Any CPU
		{F7E4B921-6C7E-46AF-BC85-C5E0A6F2C30A}.AppStore|iPhone.Build.0 = Debug|Any CPU
		{F7E4B921-6C7E-46AF-BC85-C5E0A6F2C30A}.AppStore|iPhoneSimulator.ActiveCfg = Debug|Any CPU
		{F7E4B921-6C7E-46AF-BC85-C5E0A6F2C30A}.AppStore|iPhoneSimulator.Build.0 = Debug|Any CPU
		{F7E4B921-6C7E-46AF-BC85-C5E0A6F2C30A}.Debug|Any CPU.ActiveCfg = Debug|Any CPU
		{F7E4B921-6C7E-46AF-BC85-C5E0A6F2C30A}.Debug|Any CPU.Build.0 = Debug|Any CPU
		{F7E4B921-6C7E-46AF-BC85-C5E0A6F2C30A}.Debug|iPhone.ActiveCfg = Debug|Any CPU
		{F7E4B921-6C7E-46AF-BC85-C5E0A6F2C30A}.Debug|iPhone.Build.0 = Debug|Any CPU
		{F7E4B921-6C7E-46AF-BC85-C5E0A6F2C30A}.Debug|iPhoneSimulator.ActiveCfg = Debug|Any CPU
		{F7E4B921-6C7E-46AF-BC85-C5E0A6F2C30A}.Debug|iPhoneSimulator.Build.0 = Debug|Any CPU
		{F7E4B921-6C7E-46AF-BC85-C5E0A6F2C30A}.Release|Any CPU.ActiveCfg = Release|Any CPU
		{F7E4B921-6C7E-46AF-BC85-C5E0A6F2C30A}.Release|Any CPU.Build.0 = Release|Any CPU
		{F7E4B921-6C7E-46AF-BC85-C5E0A6F2C30A}.Release|iPhone.ActiveCfg = Release|Any CPU
		{F7E4B921-6C7E-46AF-BC85-C5E0A6F2C30A}.Release|iPhone.Build.0 = Release|Any CPU
		{F7E4B921-6C7E-46AF-BC85-C5E0A6F2C30A}.Release|iPhoneSimulator.ActiveCfg = Release|Any CPU
		{F7E4B921-6C7E-46AF-BC85-C5E0A6F2C30A}.Release|iPhoneSimulator.Build.0 = Release|Any CPU
		{EAFEEEB0-A6CF-4E4A-8071-8F31CD768FFF}.Ad-Hoc|Any CPU.ActiveCfg = Debug|Any CPU
		{EAFEEEB0-A6CF-4E4A-8071-8F31CD768FFF}.Ad-Hoc|Any CPU.Build.0 = Debug|Any CPU
		{EAFEEEB0-A6CF-4E4A-8071-8F31CD768FFF}.Ad-Hoc|iPhone.ActiveCfg = Debug|Any CPU
		{EAFEEEB0-A6CF-4E4A-8071-8F31CD768FFF}.Ad-Hoc|iPhone.Build.0 = Debug|Any CPU
		{EAFEEEB0-A6CF-4E4A-8071-8F31CD768FFF}.Ad-Hoc|iPhoneSimulator.ActiveCfg = Debug|Any CPU
		{EAFEEEB0-A6CF-4E4A-8071-8F31CD768FFF}.Ad-Hoc|iPhoneSimulator.Build.0 = Debug|Any CPU
		{EAFEEEB0-A6CF-4E4A-8071-8F31CD768FFF}.AppStore|Any CPU.ActiveCfg = Debug|Any CPU
		{EAFEEEB0-A6CF-4E4A-8071-8F31CD768FFF}.AppStore|Any CPU.Build.0 = Debug|Any CPU
		{EAFEEEB0-A6CF-4E4A-8071-8F31CD768FFF}.AppStore|iPhone.ActiveCfg = Debug|Any CPU
		{EAFEEEB0-A6CF-4E4A-8071-8F31CD768FFF}.AppStore|iPhone.Build.0 = Debug|Any CPU
		{EAFEEEB0-A6CF-4E4A-8071-8F31CD768FFF}.AppStore|iPhoneSimulator.ActiveCfg = Debug|Any CPU
		{EAFEEEB0-A6CF-4E4A-8071-8F31CD768FFF}.AppStore|iPhoneSimulator.Build.0 = Debug|Any CPU
		{EAFEEEB0-A6CF-4E4A-8071-8F31CD768FFF}.Debug|Any CPU.ActiveCfg = Debug|Any CPU
		{EAFEEEB0-A6CF-4E4A-8071-8F31CD768FFF}.Debug|Any CPU.Build.0 = Debug|Any CPU
		{EAFEEEB0-A6CF-4E4A-8071-8F31CD768FFF}.Debug|iPhone.ActiveCfg = Debug|Any CPU
		{EAFEEEB0-A6CF-4E4A-8071-8F31CD768FFF}.Debug|iPhone.Build.0 = Debug|Any CPU
		{EAFEEEB0-A6CF-4E4A-8071-8F31CD768FFF}.Debug|iPhoneSimulator.ActiveCfg = Debug|Any CPU
		{EAFEEEB0-A6CF-4E4A-8071-8F31CD768FFF}.Debug|iPhoneSimulator.Build.0 = Debug|Any CPU
		{EAFEEEB0-A6CF-4E4A-8071-8F31CD768FFF}.Release|Any CPU.ActiveCfg = Release|Any CPU
		{EAFEEEB0-A6CF-4E4A-8071-8F31CD768FFF}.Release|Any CPU.Build.0 = Release|Any CPU
		{EAFEEEB0-A6CF-4E4A-8071-8F31CD768FFF}.Release|iPhone.ActiveCfg = Release|Any CPU
		{EAFEEEB0-A6CF-4E4A-8071-8F31CD768FFF}.Release|iPhone.Build.0 = Release|Any CPU
		{EAFEEEB0-A6CF-4E4A-8071-8F31CD768FFF}.Release|iPhoneSimulator.ActiveCfg = Release|Any CPU
		{EAFEEEB0-A6CF-4E4A-8071-8F31CD768FFF}.Release|iPhoneSimulator.Build.0 = Release|Any CPU
		{34DC112E-770B-4435-AB4B-1FABB61EAD3E}.Ad-Hoc|Any CPU.ActiveCfg = Debug|Any CPU
		{34DC112E-770B-4435-AB4B-1FABB61EAD3E}.Ad-Hoc|Any CPU.Build.0 = Debug|Any CPU
		{34DC112E-770B-4435-AB4B-1FABB61EAD3E}.Ad-Hoc|iPhone.ActiveCfg = Debug|Any CPU
		{34DC112E-770B-4435-AB4B-1FABB61EAD3E}.Ad-Hoc|iPhone.Build.0 = Debug|Any CPU
		{34DC112E-770B-4435-AB4B-1FABB61EAD3E}.Ad-Hoc|iPhoneSimulator.ActiveCfg = Debug|Any CPU
		{34DC112E-770B-4435-AB4B-1FABB61EAD3E}.Ad-Hoc|iPhoneSimulator.Build.0 = Debug|Any CPU
		{34DC112E-770B-4435-AB4B-1FABB61EAD3E}.AppStore|Any CPU.ActiveCfg = Debug|Any CPU
		{34DC112E-770B-4435-AB4B-1FABB61EAD3E}.AppStore|Any CPU.Build.0 = Debug|Any CPU
		{34DC112E-770B-4435-AB4B-1FABB61EAD3E}.AppStore|iPhone.ActiveCfg = Debug|Any CPU
		{34DC112E-770B-4435-AB4B-1FABB61EAD3E}.AppStore|iPhone.Build.0 = Debug|Any CPU
		{34DC112E-770B-4435-AB4B-1FABB61EAD3E}.AppStore|iPhoneSimulator.ActiveCfg = Debug|Any CPU
		{34DC112E-770B-4435-AB4B-1FABB61EAD3E}.AppStore|iPhoneSimulator.Build.0 = Debug|Any CPU
		{34DC112E-770B-4435-AB4B-1FABB61EAD3E}.Debug|Any CPU.ActiveCfg = Debug|Any CPU
		{34DC112E-770B-4435-AB4B-1FABB61EAD3E}.Debug|Any CPU.Build.0 = Debug|Any CPU
		{34DC112E-770B-4435-AB4B-1FABB61EAD3E}.Debug|iPhone.ActiveCfg = Debug|Any CPU
		{34DC112E-770B-4435-AB4B-1FABB61EAD3E}.Debug|iPhone.Build.0 = Debug|Any CPU
		{34DC112E-770B-4435-AB4B-1FABB61EAD3E}.Debug|iPhoneSimulator.ActiveCfg = Debug|Any CPU
		{34DC112E-770B-4435-AB4B-1FABB61EAD3E}.Debug|iPhoneSimulator.Build.0 = Debug|Any CPU
		{34DC112E-770B-4435-AB4B-1FABB61EAD3E}.Release|Any CPU.ActiveCfg = Release|Any CPU
		{34DC112E-770B-4435-AB4B-1FABB61EAD3E}.Release|Any CPU.Build.0 = Release|Any CPU
		{34DC112E-770B-4435-AB4B-1FABB61EAD3E}.Release|iPhone.ActiveCfg = Release|Any CPU
		{34DC112E-770B-4435-AB4B-1FABB61EAD3E}.Release|iPhone.Build.0 = Release|Any CPU
		{34DC112E-770B-4435-AB4B-1FABB61EAD3E}.Release|iPhoneSimulator.ActiveCfg = Release|Any CPU
		{34DC112E-770B-4435-AB4B-1FABB61EAD3E}.Release|iPhoneSimulator.Build.0 = Release|Any CPU
		{6145B139-259B-4EED-8878-F6E70BBA7132}.Ad-Hoc|Any CPU.ActiveCfg = Release|Any CPU
		{6145B139-259B-4EED-8878-F6E70BBA7132}.Ad-Hoc|Any CPU.Build.0 = Release|Any CPU
		{6145B139-259B-4EED-8878-F6E70BBA7132}.Ad-Hoc|Any CPU.Deploy.0 = Release|Any CPU
		{6145B139-259B-4EED-8878-F6E70BBA7132}.Ad-Hoc|iPhone.ActiveCfg = Release|Any CPU
		{6145B139-259B-4EED-8878-F6E70BBA7132}.Ad-Hoc|iPhone.Build.0 = Release|Any CPU
		{6145B139-259B-4EED-8878-F6E70BBA7132}.Ad-Hoc|iPhone.Deploy.0 = Release|Any CPU
		{6145B139-259B-4EED-8878-F6E70BBA7132}.Ad-Hoc|iPhoneSimulator.ActiveCfg = Release|Any CPU
		{6145B139-259B-4EED-8878-F6E70BBA7132}.Ad-Hoc|iPhoneSimulator.Build.0 = Release|Any CPU
		{6145B139-259B-4EED-8878-F6E70BBA7132}.Ad-Hoc|iPhoneSimulator.Deploy.0 = Release|Any CPU
		{6145B139-259B-4EED-8878-F6E70BBA7132}.AppStore|Any CPU.ActiveCfg = Release|Any CPU
		{6145B139-259B-4EED-8878-F6E70BBA7132}.AppStore|Any CPU.Build.0 = Release|Any CPU
		{6145B139-259B-4EED-8878-F6E70BBA7132}.AppStore|Any CPU.Deploy.0 = Release|Any CPU
		{6145B139-259B-4EED-8878-F6E70BBA7132}.AppStore|iPhone.ActiveCfg = Release|Any CPU
		{6145B139-259B-4EED-8878-F6E70BBA7132}.AppStore|iPhone.Build.0 = Release|Any CPU
		{6145B139-259B-4EED-8878-F6E70BBA7132}.AppStore|iPhone.Deploy.0 = Release|Any CPU
		{6145B139-259B-4EED-8878-F6E70BBA7132}.AppStore|iPhoneSimulator.ActiveCfg = Release|Any CPU
		{6145B139-259B-4EED-8878-F6E70BBA7132}.AppStore|iPhoneSimulator.Build.0 = Release|Any CPU
		{6145B139-259B-4EED-8878-F6E70BBA7132}.AppStore|iPhoneSimulator.Deploy.0 = Release|Any CPU
		{6145B139-259B-4EED-8878-F6E70BBA7132}.Debug|Any CPU.ActiveCfg = Debug|Any CPU
		{6145B139-259B-4EED-8878-F6E70BBA7132}.Debug|Any CPU.Build.0 = Debug|Any CPU
		{6145B139-259B-4EED-8878-F6E70BBA7132}.Debug|Any CPU.Deploy.0 = Debug|Any CPU
		{6145B139-259B-4EED-8878-F6E70BBA7132}.Debug|iPhone.ActiveCfg = Debug|Any CPU
		{6145B139-259B-4EED-8878-F6E70BBA7132}.Debug|iPhone.Build.0 = Debug|Any CPU
		{6145B139-259B-4EED-8878-F6E70BBA7132}.Debug|iPhone.Deploy.0 = Debug|Any CPU
		{6145B139-259B-4EED-8878-F6E70BBA7132}.Debug|iPhoneSimulator.ActiveCfg = Debug|Any CPU
		{6145B139-259B-4EED-8878-F6E70BBA7132}.Debug|iPhoneSimulator.Build.0 = Debug|Any CPU
		{6145B139-259B-4EED-8878-F6E70BBA7132}.Debug|iPhoneSimulator.Deploy.0 = Debug|Any CPU
		{6145B139-259B-4EED-8878-F6E70BBA7132}.Release|Any CPU.ActiveCfg = Release|Any CPU
		{6145B139-259B-4EED-8878-F6E70BBA7132}.Release|Any CPU.Build.0 = Release|Any CPU
		{6145B139-259B-4EED-8878-F6E70BBA7132}.Release|Any CPU.Deploy.0 = Release|Any CPU
		{6145B139-259B-4EED-8878-F6E70BBA7132}.Release|iPhone.ActiveCfg = Release|Any CPU
		{6145B139-259B-4EED-8878-F6E70BBA7132}.Release|iPhone.Build.0 = Release|Any CPU
		{6145B139-259B-4EED-8878-F6E70BBA7132}.Release|iPhone.Deploy.0 = Release|Any CPU
		{6145B139-259B-4EED-8878-F6E70BBA7132}.Release|iPhoneSimulator.ActiveCfg = Release|Any CPU
		{6145B139-259B-4EED-8878-F6E70BBA7132}.Release|iPhoneSimulator.Build.0 = Release|Any CPU
		{6145B139-259B-4EED-8878-F6E70BBA7132}.Release|iPhoneSimulator.Deploy.0 = Release|Any CPU
	EndGlobalSection
	GlobalSection(SolutionProperties) = preSolution
		HideSolutionNode = FALSE
	EndGlobalSection
	GlobalSection(ExtensibilityGlobals) = postSolution
		SolutionGuid = {37DA10E0-41EC-49F6-96BA-4093D7611EAF}
	EndGlobalSection
EndGlobal
